// !$*UTF8*$!
{
	archiveVersion = 1;
	classes = {
	};
	objectVersion = 48;
	objects = {

/* Begin PBXBuildFile section */
		3708E56E1FE93D7A00365543 /* Cass.h in Headers */ = {isa = PBXBuildFile; fileRef = 3708E56D1FE93D7A00365543 /* Cass.h */; };
		3708E5701FE93D7A00365543 /* Cass.m in Sources */ = {isa = PBXBuildFile; fileRef = 3708E56F1FE93D7A00365543 /* Cass.m */; };
		3708E5781FE93DF600365543 /* Cass.swift in Sources */ = {isa = PBXBuildFile; fileRef = 3708E5771FE93DF600365543 /* Cass.swift */; };
		370C098C1FFCC97300B8086D /* Error.swift in Sources */ = {isa = PBXBuildFile; fileRef = 370C098B1FFCC97300B8086D /* Error.swift */; };
		372627E31FECFA7E0064A392 /* SchemaMeta.swift in Sources */ = {isa = PBXBuildFile; fileRef = 372627E21FECFA7E0064A392 /* SchemaMeta.swift */; };
		372627E71FECFEFE0064A392 /* KeyspaceMeta.swift in Sources */ = {isa = PBXBuildFile; fileRef = 372627E61FECFEFE0064A392 /* KeyspaceMeta.swift */; };
		372627E91FECFFCC0064A392 /* Version.swift in Sources */ = {isa = PBXBuildFile; fileRef = 372627E81FECFFCC0064A392 /* Version.swift */; };
		372627EB1FED0A5E0064A392 /* TableMeta.swift in Sources */ = {isa = PBXBuildFile; fileRef = 372627EA1FED0A5E0064A392 /* TableMeta.swift */; };
		372627ED1FED130F0064A392 /* MaterializedViewMeta.swift in Sources */ = {isa = PBXBuildFile; fileRef = 372627EC1FED130F0064A392 /* MaterializedViewMeta.swift */; };
		372627EF1FED15D40064A392 /* DataType.swift in Sources */ = {isa = PBXBuildFile; fileRef = 372627EE1FED15D40064A392 /* DataType.swift */; };
		372627F11FED1B240064A392 /* FunctionMeta.swift in Sources */ = {isa = PBXBuildFile; fileRef = 372627F01FED1B240064A392 /* FunctionMeta.swift */; };
		372627F31FED1D620064A392 /* AggregateMeta.swift in Sources */ = {isa = PBXBuildFile; fileRef = 372627F21FED1D620064A392 /* AggregateMeta.swift */; };
		372627F51FED1EB70064A392 /* Value.swift in Sources */ = {isa = PBXBuildFile; fileRef = 372627F41FED1EB60064A392 /* Value.swift */; };
		372627FB1FED38860064A392 /* Row.swift in Sources */ = {isa = PBXBuildFile; fileRef = 372627FA1FED38860064A392 /* Row.swift */; };
		372627FD1FED4B370064A392 /* Iterator.swift in Sources */ = {isa = PBXBuildFile; fileRef = 372627FC1FED4B370064A392 /* Iterator.swift */; };
		372628011FEE37960064A392 /* Status.swift in Sources */ = {isa = PBXBuildFile; fileRef = 372628001FEE37960064A392 /* Status.swift */; };
		372628041FEEADF90064A392 /* Inet.swift in Sources */ = {isa = PBXBuildFile; fileRef = 372628031FEEADF90064A392 /* Inet.swift */; };
		372628061FEED6750064A392 /* UuidGen.swift in Sources */ = {isa = PBXBuildFile; fileRef = 372628051FEED6750064A392 /* UuidGen.swift */; };
		3726280C1FEFAE3E0064A392 /* RetryPolicy.swift in Sources */ = {isa = PBXBuildFile; fileRef = 3726280B1FEFAE3E0064A392 /* RetryPolicy.swift */; };
		3726280E1FEFB33B0064A392 /* CustomPayload.swift in Sources */ = {isa = PBXBuildFile; fileRef = 3726280D1FEFB33B0064A392 /* CustomPayload.swift */; };
		372628101FF2EC010064A392 /* ColumnMeta.swift in Sources */ = {isa = PBXBuildFile; fileRef = 3726280F1FF2EC010064A392 /* ColumnMeta.swift */; };
		372628121FF2EDFC0064A392 /* IndexMeta.swift in Sources */ = {isa = PBXBuildFile; fileRef = 372628111FF2EDFC0064A392 /* IndexMeta.swift */; };
		372628161FF3E9D20064A392 /* Tuple.swift in Sources */ = {isa = PBXBuildFile; fileRef = 372628151FF3E9D20064A392 /* Tuple.swift */; };
		3726281A1FF5A48B0064A392 /* ErrorResult.swift in Sources */ = {isa = PBXBuildFile; fileRef = 372628191FF5A48B0064A392 /* ErrorResult.swift */; };
		3726281C1FF5AF050064A392 /* Duration.swift in Sources */ = {isa = PBXBuildFile; fileRef = 3726281B1FF5AF050064A392 /* Duration.swift */; };
		372628221FF78FFD0064A392 /* AuthenticatorCallbacks.swift in Sources */ = {isa = PBXBuildFile; fileRef = 372628211FF78FFD0064A392 /* AuthenticatorCallbacks.swift */; };
		373FD3A61FE94C9100B14377 /* Batch.swift in Sources */ = {isa = PBXBuildFile; fileRef = 373FD39D1FE94C9100B14377 /* Batch.swift */; };
		373FD3A71FE94C9100B14377 /* Callback.swift in Sources */ = {isa = PBXBuildFile; fileRef = 373FD39F1FE94C9100B14377 /* Callback.swift */; };
		373FD3A81FE94C9100B14377 /* Cluster.swift in Sources */ = {isa = PBXBuildFile; fileRef = 373FD3A01FE94C9100B14377 /* Cluster.swift */; };
		373FD3A91FE94C9100B14377 /* Session.swift in Sources */ = {isa = PBXBuildFile; fileRef = 373FD3A11FE94C9100B14377 /* Session.swift */; };
		373FD3AA1FE94C9100B14377 /* Future.swift in Sources */ = {isa = PBXBuildFile; fileRef = 373FD3A21FE94C9100B14377 /* Future.swift */; };
		373FD3AB1FE94C9100B14377 /* Result.swift in Sources */ = {isa = PBXBuildFile; fileRef = 373FD3A31FE94C9100B14377 /* Result.swift */; };
		373FD3AC1FE94C9100B14377 /* Statement.swift in Sources */ = {isa = PBXBuildFile; fileRef = 373FD3A41FE94C9100B14377 /* Statement.swift */; };
		373FD3AD1FE94C9100B14377 /* Authenticator.swift in Sources */ = {isa = PBXBuildFile; fileRef = 373FD3A51FE94C9100B14377 /* Authenticator.swift */; };
		37A0B8E72006440200CB3F1C /* Prepared.swift in Sources */ = {isa = PBXBuildFile; fileRef = 37A0B8E62006440200CB3F1C /* Prepared.swift */; };
/* End PBXBuildFile section */

/* Begin PBXFileReference section */
		3708E56A1FE93D7A00365543 /* libCass.a */ = {isa = PBXFileReference; explicitFileType = archive.ar; includeInIndex = 0; path = libCass.a; sourceTree = BUILT_PRODUCTS_DIR; };
		3708E56D1FE93D7A00365543 /* Cass.h */ = {isa = PBXFileReference; lastKnownFileType = sourcecode.c.h; path = Cass.h; sourceTree = "<group>"; };
		3708E56F1FE93D7A00365543 /* Cass.m */ = {isa = PBXFileReference; lastKnownFileType = sourcecode.c.objc; path = Cass.m; sourceTree = "<group>"; };
		3708E5761FE93DF600365543 /* Cass-Bridging-Header.h */ = {isa = PBXFileReference; lastKnownFileType = sourcecode.c.h; path = "Cass-Bridging-Header.h"; sourceTree = "<group>"; };
		3708E5771FE93DF600365543 /* Cass.swift */ = {isa = PBXFileReference; lastKnownFileType = sourcecode.swift; path = Cass.swift; sourceTree = "<group>"; };
		3708E5791FE93E4A00365543 /* Config.xcconfig */ = {isa = PBXFileReference; lastKnownFileType = text.xcconfig; path = Config.xcconfig; sourceTree = "<group>"; };
		370C098B1FFCC97300B8086D /* Error.swift */ = {isa = PBXFileReference; lastKnownFileType = sourcecode.swift; path = Error.swift; sourceTree = "<group>"; };
		372627E21FECFA7E0064A392 /* SchemaMeta.swift */ = {isa = PBXFileReference; lastKnownFileType = sourcecode.swift; path = SchemaMeta.swift; sourceTree = "<group>"; };
		372627E61FECFEFE0064A392 /* KeyspaceMeta.swift */ = {isa = PBXFileReference; lastKnownFileType = sourcecode.swift; path = KeyspaceMeta.swift; sourceTree = "<group>"; };
		372627E81FECFFCC0064A392 /* Version.swift */ = {isa = PBXFileReference; lastKnownFileType = sourcecode.swift; path = Version.swift; sourceTree = "<group>"; };
		372627EA1FED0A5E0064A392 /* TableMeta.swift */ = {isa = PBXFileReference; lastKnownFileType = sourcecode.swift; path = TableMeta.swift; sourceTree = "<group>"; };
		372627EC1FED130F0064A392 /* MaterializedViewMeta.swift */ = {isa = PBXFileReference; lastKnownFileType = sourcecode.swift; path = MaterializedViewMeta.swift; sourceTree = "<group>"; };
		372627EE1FED15D40064A392 /* DataType.swift */ = {isa = PBXFileReference; lastKnownFileType = sourcecode.swift; path = DataType.swift; sourceTree = "<group>"; };
		372627F01FED1B240064A392 /* FunctionMeta.swift */ = {isa = PBXFileReference; lastKnownFileType = sourcecode.swift; path = FunctionMeta.swift; sourceTree = "<group>"; };
		372627F21FED1D620064A392 /* AggregateMeta.swift */ = {isa = PBXFileReference; lastKnownFileType = sourcecode.swift; path = AggregateMeta.swift; sourceTree = "<group>"; };
		372627F41FED1EB60064A392 /* Value.swift */ = {isa = PBXFileReference; lastKnownFileType = sourcecode.swift; path = Value.swift; sourceTree = "<group>"; };
		372627FA1FED38860064A392 /* Row.swift */ = {isa = PBXFileReference; lastKnownFileType = sourcecode.swift; path = Row.swift; sourceTree = "<group>"; };
		372627FC1FED4B370064A392 /* Iterator.swift */ = {isa = PBXFileReference; lastKnownFileType = sourcecode.swift; path = Iterator.swift; sourceTree = "<group>"; };
		372628001FEE37960064A392 /* Status.swift */ = {isa = PBXFileReference; lastKnownFileType = sourcecode.swift; path = Status.swift; sourceTree = "<group>"; };
		372628031FEEADF90064A392 /* Inet.swift */ = {isa = PBXFileReference; lastKnownFileType = sourcecode.swift; path = Inet.swift; sourceTree = "<group>"; };
		372628051FEED6750064A392 /* UuidGen.swift */ = {isa = PBXFileReference; lastKnownFileType = sourcecode.swift; path = UuidGen.swift; sourceTree = "<group>"; };
		3726280B1FEFAE3E0064A392 /* RetryPolicy.swift */ = {isa = PBXFileReference; lastKnownFileType = sourcecode.swift; path = RetryPolicy.swift; sourceTree = "<group>"; };
		3726280D1FEFB33B0064A392 /* CustomPayload.swift */ = {isa = PBXFileReference; lastKnownFileType = sourcecode.swift; path = CustomPayload.swift; sourceTree = "<group>"; };
		3726280F1FF2EC010064A392 /* ColumnMeta.swift */ = {isa = PBXFileReference; lastKnownFileType = sourcecode.swift; path = ColumnMeta.swift; sourceTree = "<group>"; };
		372628111FF2EDFC0064A392 /* IndexMeta.swift */ = {isa = PBXFileReference; lastKnownFileType = sourcecode.swift; path = IndexMeta.swift; sourceTree = "<group>"; };
		372628151FF3E9D20064A392 /* Tuple.swift */ = {isa = PBXFileReference; lastKnownFileType = sourcecode.swift; path = Tuple.swift; sourceTree = "<group>"; };
		372628191FF5A48B0064A392 /* ErrorResult.swift */ = {isa = PBXFileReference; lastKnownFileType = sourcecode.swift; path = ErrorResult.swift; sourceTree = "<group>"; };
		3726281B1FF5AF050064A392 /* Duration.swift */ = {isa = PBXFileReference; lastKnownFileType = sourcecode.swift; path = Duration.swift; sourceTree = "<group>"; };
		372628211FF78FFD0064A392 /* AuthenticatorCallbacks.swift */ = {isa = PBXFileReference; lastKnownFileType = sourcecode.swift; path = AuthenticatorCallbacks.swift; sourceTree = "<group>"; };
		373FD39D1FE94C9100B14377 /* Batch.swift */ = {isa = PBXFileReference; fileEncoding = 4; lastKnownFileType = sourcecode.swift; path = Batch.swift; sourceTree = "<group>"; };
		373FD39F1FE94C9100B14377 /* Callback.swift */ = {isa = PBXFileReference; fileEncoding = 4; lastKnownFileType = sourcecode.swift; path = Callback.swift; sourceTree = "<group>"; };
		373FD3A01FE94C9100B14377 /* Cluster.swift */ = {isa = PBXFileReference; fileEncoding = 4; lastKnownFileType = sourcecode.swift; path = Cluster.swift; sourceTree = "<group>"; };
		373FD3A11FE94C9100B14377 /* Session.swift */ = {isa = PBXFileReference; fileEncoding = 4; lastKnownFileType = sourcecode.swift; path = Session.swift; sourceTree = "<group>"; };
		373FD3A21FE94C9100B14377 /* Future.swift */ = {isa = PBXFileReference; fileEncoding = 4; lastKnownFileType = sourcecode.swift; path = Future.swift; sourceTree = "<group>"; };
		373FD3A31FE94C9100B14377 /* Result.swift */ = {isa = PBXFileReference; fileEncoding = 4; lastKnownFileType = sourcecode.swift; path = Result.swift; sourceTree = "<group>"; };
		373FD3A41FE94C9100B14377 /* Statement.swift */ = {isa = PBXFileReference; fileEncoding = 4; lastKnownFileType = sourcecode.swift; path = Statement.swift; sourceTree = "<group>"; };
		373FD3A51FE94C9100B14377 /* Authenticator.swift */ = {isa = PBXFileReference; fileEncoding = 4; lastKnownFileType = sourcecode.swift; path = Authenticator.swift; sourceTree = "<group>"; };
		373FD3C81FEA754B00B14377 /* README.md */ = {isa = PBXFileReference; lastKnownFileType = net.daringfireball.markdown; path = README.md; sourceTree = "<group>"; };
		373FD3CC1FEA798000B14377 /* LICENCE.md */ = {isa = PBXFileReference; fileEncoding = 4; lastKnownFileType = net.daringfireball.markdown; path = LICENCE.md; sourceTree = "<group>"; };
		373FD3CD1FEA798000B14377 /* LICENSE.md */ = {isa = PBXFileReference; fileEncoding = 4; lastKnownFileType = net.daringfireball.markdown; path = LICENSE.md; sourceTree = "<group>"; };
		37A0B8E62006440200CB3F1C /* Prepared.swift */ = {isa = PBXFileReference; lastKnownFileType = sourcecode.swift; path = Prepared.swift; sourceTree = "<group>"; };
/* End PBXFileReference section */

/* Begin PBXFrameworksBuildPhase section */
		3708E5671FE93D7A00365543 /* Frameworks */ = {
			isa = PBXFrameworksBuildPhase;
			buildActionMask = 2147483647;
			files = (
			);
			runOnlyForDeploymentPostprocessing = 0;
		};
/* End PBXFrameworksBuildPhase section */

/* Begin PBXGroup section */
		3708E5611FE93D7A00365543 = {
			isa = PBXGroup;
			children = (
				373FD3CC1FEA798000B14377 /* LICENCE.md */,
				373FD3CD1FEA798000B14377 /* LICENSE.md */,
				373FD3C81FEA754B00B14377 /* README.md */,
				3708E5791FE93E4A00365543 /* Config.xcconfig */,
				3708E56C1FE93D7A00365543 /* Cass */,
				3708E56B1FE93D7A00365543 /* Products */,
			);
			sourceTree = "<group>";
		};
		3708E56B1FE93D7A00365543 /* Products */ = {
			isa = PBXGroup;
			children = (
				3708E56A1FE93D7A00365543 /* libCass.a */,
			);
			name = Products;
			sourceTree = "<group>";
		};
		3708E56C1FE93D7A00365543 /* Cass */ = {
			isa = PBXGroup;
			children = (
				3708E5761FE93DF600365543 /* Cass-Bridging-Header.h */,
				3708E56D1FE93D7A00365543 /* Cass.h */,
				3708E56F1FE93D7A00365543 /* Cass.m */,
				3708E5771FE93DF600365543 /* Cass.swift */,
				372627F21FED1D620064A392 /* AggregateMeta.swift */,
				373FD3A51FE94C9100B14377 /* Authenticator.swift */,
				372628211FF78FFD0064A392 /* AuthenticatorCallbacks.swift */,
				373FD39D1FE94C9100B14377 /* Batch.swift */,
				373FD39F1FE94C9100B14377 /* Callback.swift */,
				373FD3A01FE94C9100B14377 /* Cluster.swift */,
				3726280F1FF2EC010064A392 /* ColumnMeta.swift */,
				3726280D1FEFB33B0064A392 /* CustomPayload.swift */,
				372627EE1FED15D40064A392 /* DataType.swift */,
				3726281B1FF5AF050064A392 /* Duration.swift */,
				370C098B1FFCC97300B8086D /* Error.swift */,
				372628191FF5A48B0064A392 /* ErrorResult.swift */,
				372627F01FED1B240064A392 /* FunctionMeta.swift */,
				373FD3A21FE94C9100B14377 /* Future.swift */,
				372628111FF2EDFC0064A392 /* IndexMeta.swift */,
				372628031FEEADF90064A392 /* Inet.swift */,
				372627FC1FED4B370064A392 /* Iterator.swift */,
				372627E61FECFEFE0064A392 /* KeyspaceMeta.swift */,
				372627EC1FED130F0064A392 /* MaterializedViewMeta.swift */,
				37A0B8E62006440200CB3F1C /* Prepared.swift */,
				373FD3A31FE94C9100B14377 /* Result.swift */,
				3726280B1FEFAE3E0064A392 /* RetryPolicy.swift */,
				372627FA1FED38860064A392 /* Row.swift */,
				372627E21FECFA7E0064A392 /* SchemaMeta.swift */,
				373FD3A11FE94C9100B14377 /* Session.swift */,
				373FD3A41FE94C9100B14377 /* Statement.swift */,
				372628001FEE37960064A392 /* Status.swift */,
				372627EA1FED0A5E0064A392 /* TableMeta.swift */,
				372628151FF3E9D20064A392 /* Tuple.swift */,
				372628051FEED6750064A392 /* UuidGen.swift */,
				372627F41FED1EB60064A392 /* Value.swift */,
				372627E81FECFFCC0064A392 /* Version.swift */,
			);
			path = Cass;
			sourceTree = "<group>";
		};
/* End PBXGroup section */

/* Begin PBXHeadersBuildPhase section */
		3708E5681FE93D7A00365543 /* Headers */ = {
			isa = PBXHeadersBuildPhase;
			buildActionMask = 2147483647;
			files = (
				3708E56E1FE93D7A00365543 /* Cass.h in Headers */,
			);
			runOnlyForDeploymentPostprocessing = 0;
		};
/* End PBXHeadersBuildPhase section */

/* Begin PBXNativeTarget section */
		3708E5691FE93D7A00365543 /* Cass */ = {
			isa = PBXNativeTarget;
			buildConfigurationList = 3708E5731FE93D7A00365543 /* Build configuration list for PBXNativeTarget "Cass" */;
			buildPhases = (
				3708E5661FE93D7A00365543 /* Sources */,
				3708E5671FE93D7A00365543 /* Frameworks */,
				3708E5681FE93D7A00365543 /* Headers */,
			);
			buildRules = (
			);
			dependencies = (
			);
			name = Cass;
			productName = Cass;
			productReference = 3708E56A1FE93D7A00365543 /* libCass.a */;
			productType = "com.apple.product-type.library.static";
		};
/* End PBXNativeTarget section */

/* Begin PBXProject section */
		3708E5621FE93D7A00365543 /* Project object */ = {
			isa = PBXProject;
			attributes = {
				LastUpgradeCheck = 0920;
				ORGANIZATIONNAME = PLHB;
				TargetAttributes = {
					3708E5691FE93D7A00365543 = {
						CreatedOnToolsVersion = 9.2;
						LastSwiftMigration = 0920;
						ProvisioningStyle = Automatic;
					};
				};
			};
			buildConfigurationList = 3708E5651FE93D7A00365543 /* Build configuration list for PBXProject "Cass" */;
			compatibilityVersion = "Xcode 8.0";
			developmentRegion = en;
			hasScannedForEncodings = 0;
			knownRegions = (
				en,
			);
			mainGroup = 3708E5611FE93D7A00365543;
			productRefGroup = 3708E56B1FE93D7A00365543 /* Products */;
			projectDirPath = "";
			projectRoot = "";
			targets = (
				3708E5691FE93D7A00365543 /* Cass */,
			);
		};
/* End PBXProject section */

/* Begin PBXSourcesBuildPhase section */
		3708E5661FE93D7A00365543 /* Sources */ = {
			isa = PBXSourcesBuildPhase;
			buildActionMask = 2147483647;
			files = (
				3726280C1FEFAE3E0064A392 /* RetryPolicy.swift in Sources */,
				3726280E1FEFB33B0064A392 /* CustomPayload.swift in Sources */,
				372627F31FED1D620064A392 /* AggregateMeta.swift in Sources */,
				372628101FF2EC010064A392 /* ColumnMeta.swift in Sources */,
				373FD3AC1FE94C9100B14377 /* Statement.swift in Sources */,
				372627E71FECFEFE0064A392 /* KeyspaceMeta.swift in Sources */,
				373FD3A61FE94C9100B14377 /* Batch.swift in Sources */,
				373FD3AA1FE94C9100B14377 /* Future.swift in Sources */,
				3708E5701FE93D7A00365543 /* Cass.m in Sources */,
				372627EF1FED15D40064A392 /* DataType.swift in Sources */,
				372627E91FECFFCC0064A392 /* Version.swift in Sources */,
				373FD3A91FE94C9100B14377 /* Session.swift in Sources */,
				37A0B8E72006440200CB3F1C /* Prepared.swift in Sources */,
				372627ED1FED130F0064A392 /* MaterializedViewMeta.swift in Sources */,
				372628121FF2EDFC0064A392 /* IndexMeta.swift in Sources */,
				373FD3AD1FE94C9100B14377 /* Authenticator.swift in Sources */,
				372627F11FED1B240064A392 /* FunctionMeta.swift in Sources */,
				3708E5781FE93DF600365543 /* Cass.swift in Sources */,
				372627E31FECFA7E0064A392 /* SchemaMeta.swift in Sources */,
				372628221FF78FFD0064A392 /* AuthenticatorCallbacks.swift in Sources */,
				372628011FEE37960064A392 /* Status.swift in Sources */,
				372628161FF3E9D20064A392 /* Tuple.swift in Sources */,
				372628061FEED6750064A392 /* UuidGen.swift in Sources */,
				3726281A1FF5A48B0064A392 /* ErrorResult.swift in Sources */,
				373FD3AB1FE94C9100B14377 /* Result.swift in Sources */,
				372627F51FED1EB70064A392 /* Value.swift in Sources */,
				370C098C1FFCC97300B8086D /* Error.swift in Sources */,
				372627EB1FED0A5E0064A392 /* TableMeta.swift in Sources */,
				373FD3A71FE94C9100B14377 /* Callback.swift in Sources */,
				372627FB1FED38860064A392 /* Row.swift in Sources */,
				3726281C1FF5AF050064A392 /* Duration.swift in Sources */,
				372627FD1FED4B370064A392 /* Iterator.swift in Sources */,
				372628041FEEADF90064A392 /* Inet.swift in Sources */,
				373FD3A81FE94C9100B14377 /* Cluster.swift in Sources */,
			);
			runOnlyForDeploymentPostprocessing = 0;
		};
/* End PBXSourcesBuildPhase section */

/* Begin XCBuildConfiguration section */
		3708E5711FE93D7A00365543 /* Debug */ = {
			isa = XCBuildConfiguration;
			buildSettings = {
				ALWAYS_SEARCH_USER_PATHS = NO;
				CLANG_ANALYZER_NONNULL = YES;
				CLANG_ANALYZER_NUMBER_OBJECT_CONVERSION = YES_AGGRESSIVE;
				CLANG_CXX_LANGUAGE_STANDARD = "gnu++14";
				CLANG_CXX_LIBRARY = "libc++";
				CLANG_ENABLE_MODULES = YES;
				CLANG_ENABLE_OBJC_ARC = YES;
				CLANG_WARN_BLOCK_CAPTURE_AUTORELEASING = YES;
				CLANG_WARN_BOOL_CONVERSION = YES;
				CLANG_WARN_COMMA = YES;
				CLANG_WARN_CONSTANT_CONVERSION = YES;
				CLANG_WARN_DIRECT_OBJC_ISA_USAGE = YES_ERROR;
				CLANG_WARN_DOCUMENTATION_COMMENTS = YES;
				CLANG_WARN_EMPTY_BODY = YES;
				CLANG_WARN_ENUM_CONVERSION = YES;
				CLANG_WARN_INFINITE_RECURSION = YES;
				CLANG_WARN_INT_CONVERSION = YES;
				CLANG_WARN_NON_LITERAL_NULL_CONVERSION = YES;
				CLANG_WARN_OBJC_LITERAL_CONVERSION = YES;
				CLANG_WARN_OBJC_ROOT_CLASS = YES_ERROR;
				CLANG_WARN_RANGE_LOOP_ANALYSIS = YES;
				CLANG_WARN_STRICT_PROTOTYPES = YES;
				CLANG_WARN_SUSPICIOUS_MOVE = YES;
				CLANG_WARN_UNGUARDED_AVAILABILITY = YES_AGGRESSIVE;
				CLANG_WARN_UNREACHABLE_CODE = YES;
				CLANG_WARN__DUPLICATE_METHOD_MATCH = YES;
				CODE_SIGN_IDENTITY = "Mac Developer";
				COPY_PHASE_STRIP = NO;
				DEBUG_INFORMATION_FORMAT = dwarf;
				ENABLE_STRICT_OBJC_MSGSEND = YES;
				ENABLE_TESTABILITY = YES;
				GCC_C_LANGUAGE_STANDARD = gnu11;
				GCC_DYNAMIC_NO_PIC = NO;
				GCC_NO_COMMON_BLOCKS = YES;
				GCC_OPTIMIZATION_LEVEL = 0;
				GCC_PREPROCESSOR_DEFINITIONS = (
					"DEBUG=1",
					"$(inherited)",
				);
				GCC_WARN_64_TO_32_BIT_CONVERSION = YES;
				GCC_WARN_ABOUT_RETURN_TYPE = YES_ERROR;
				GCC_WARN_UNDECLARED_SELECTOR = YES;
				GCC_WARN_UNINITIALIZED_AUTOS = YES_AGGRESSIVE;
				GCC_WARN_UNUSED_FUNCTION = YES;
				GCC_WARN_UNUSED_VARIABLE = YES;
				MACOSX_DEPLOYMENT_TARGET = 10.13;
				MTL_ENABLE_DEBUG_INFO = YES;
				ONLY_ACTIVE_ARCH = YES;
				SDKROOT = macosx;
			};
			name = Debug;
		};
		3708E5721FE93D7A00365543 /* Release */ = {
			isa = XCBuildConfiguration;
			buildSettings = {
				ALWAYS_SEARCH_USER_PATHS = NO;
				CLANG_ANALYZER_NONNULL = YES;
				CLANG_ANALYZER_NUMBER_OBJECT_CONVERSION = YES_AGGRESSIVE;
				CLANG_CXX_LANGUAGE_STANDARD = "gnu++14";
				CLANG_CXX_LIBRARY = "libc++";
				CLANG_ENABLE_MODULES = YES;
				CLANG_ENABLE_OBJC_ARC = YES;
				CLANG_WARN_BLOCK_CAPTURE_AUTORELEASING = YES;
				CLANG_WARN_BOOL_CONVERSION = YES;
				CLANG_WARN_COMMA = YES;
				CLANG_WARN_CONSTANT_CONVERSION = YES;
				CLANG_WARN_DIRECT_OBJC_ISA_USAGE = YES_ERROR;
				CLANG_WARN_DOCUMENTATION_COMMENTS = YES;
				CLANG_WARN_EMPTY_BODY = YES;
				CLANG_WARN_ENUM_CONVERSION = YES;
				CLANG_WARN_INFINITE_RECURSION = YES;
				CLANG_WARN_INT_CONVERSION = YES;
				CLANG_WARN_NON_LITERAL_NULL_CONVERSION = YES;
				CLANG_WARN_OBJC_LITERAL_CONVERSION = YES;
				CLANG_WARN_OBJC_ROOT_CLASS = YES_ERROR;
				CLANG_WARN_RANGE_LOOP_ANALYSIS = YES;
				CLANG_WARN_STRICT_PROTOTYPES = YES;
				CLANG_WARN_SUSPICIOUS_MOVE = YES;
				CLANG_WARN_UNGUARDED_AVAILABILITY = YES_AGGRESSIVE;
				CLANG_WARN_UNREACHABLE_CODE = YES;
				CLANG_WARN__DUPLICATE_METHOD_MATCH = YES;
				CODE_SIGN_IDENTITY = "Mac Developer";
				COPY_PHASE_STRIP = NO;
				DEBUG_INFORMATION_FORMAT = "dwarf-with-dsym";
				ENABLE_NS_ASSERTIONS = NO;
				ENABLE_STRICT_OBJC_MSGSEND = YES;
				GCC_C_LANGUAGE_STANDARD = gnu11;
				GCC_NO_COMMON_BLOCKS = YES;
				GCC_WARN_64_TO_32_BIT_CONVERSION = YES;
				GCC_WARN_ABOUT_RETURN_TYPE = YES_ERROR;
				GCC_WARN_UNDECLARED_SELECTOR = YES;
				GCC_WARN_UNINITIALIZED_AUTOS = YES_AGGRESSIVE;
				GCC_WARN_UNUSED_FUNCTION = YES;
				GCC_WARN_UNUSED_VARIABLE = YES;
				MACOSX_DEPLOYMENT_TARGET = 10.13;
				MTL_ENABLE_DEBUG_INFO = NO;
				SDKROOT = macosx;
			};
			name = Release;
		};
		3708E5741FE93D7A00365543 /* Debug */ = {
			isa = XCBuildConfiguration;
			baseConfigurationReference = 3708E5791FE93E4A00365543 /* Config.xcconfig */;
			buildSettings = {
				CLANG_ENABLE_MODULES = YES;
				CODE_SIGN_STYLE = Automatic;
				DEVELOPMENT_TEAM = UT8MHLKDHU;
				EXECUTABLE_PREFIX = lib;
				LD_RUNPATH_SEARCH_PATHS = "$(inherited) @executable_path/../Frameworks @loader_path/../Frameworks";
				PRODUCT_NAME = "$(TARGET_NAME)";
				SWIFT_OBJC_BRIDGING_HEADER = "Cass/Cass-Bridging-Header.h";
				SWIFT_OPTIMIZATION_LEVEL = "-Onone";
				SWIFT_VERSION = 3.0;
			};
			name = Debug;
		};
		3708E5751FE93D7A00365543 /* Release */ = {
			isa = XCBuildConfiguration;
			baseConfigurationReference = 3708E5791FE93E4A00365543 /* Config.xcconfig */;
			buildSettings = {
				CLANG_ENABLE_MODULES = YES;
				CODE_SIGN_STYLE = Automatic;
				DEVELOPMENT_TEAM = UT8MHLKDHU;
				EXECUTABLE_PREFIX = lib;
				LD_RUNPATH_SEARCH_PATHS = "$(inherited) @executable_path/../Frameworks @loader_path/../Frameworks";
				PRODUCT_NAME = "$(TARGET_NAME)";
				SWIFT_OBJC_BRIDGING_HEADER = "Cass/Cass-Bridging-Header.h";
				SWIFT_VERSION = 3.0;
			};
			name = Release;
		};
/* End XCBuildConfiguration section */

/* Begin XCConfigurationList section */
		3708E5651FE93D7A00365543 /* Build configuration list for PBXProject "Cass" */ = {
			isa = XCConfigurationList;
			buildConfigurations = (
				3708E5711FE93D7A00365543 /* Debug */,
				3708E5721FE93D7A00365543 /* Release */,
			);
			defaultConfigurationIsVisible = 0;
			defaultConfigurationName = Release;
		};
		3708E5731FE93D7A00365543 /* Build configuration list for PBXNativeTarget "Cass" */ = {
			isa = XCConfigurationList;
			buildConfigurations = (
				3708E5741FE93D7A00365543 /* Debug */,
				3708E5751FE93D7A00365543 /* Release */,
			);
			defaultConfigurationIsVisible = 0;
			defaultConfigurationName = Release;
		};
/* End XCConfigurationList section */
	};
	rootObject = 3708E5621FE93D7A00365543 /* Project object */;
}
